
Microsoft Visual Studio Solution File, Format Version 12.00
# Visual Studio Version 17
VisualStudioVersion = 17.0.31903.59
MinimumVisualStudioVersion = 10.0.40219.1
Project("{2150E333-8FDC-42A3-9474-1A3956D46DE8}") = "src", "src", "{270546E2-A808-422B-8C0F-DE876A172F38}"
EndProject
Project("{9A19103F-16F7-4668-BE54-9A1E7A4F7556}") = "DMX.AppDB", "src\DMX.AppDB\DMX.AppDB.csproj", "{4167F50D-D992-48E5-BD2B-46EF6EBCE3DE}"
EndProject
Project("{2150E333-8FDC-42A3-9474-1A3956D46DE8}") = "SolutionItems", "SolutionItems", "{4AD51D8C-037C-4538-9C52-C4CE89142AB1}"
	ProjectSection(SolutionItems) = preProject
		.editorconfig = .editorconfig
		.gitignore = .gitignore
		global.json = global.json
		LICENSE = LICENSE
		README.md = README.md
	EndProjectSection
EndProject
Project("{9A19103F-16F7-4668-BE54-9A1E7A4F7556}") = "DMX.WebUI2", "src\DMX.WebUI2\DMX.WebUI2.csproj", "{3A8DAC66-6804-41B3-9F97-054EC560B923}"
EndProject
Project("{9A19103F-16F7-4668-BE54-9A1E7A4F7556}") = "DMX.WebUI3", "src\DMX.WebUI3\DMX.WebUI3.csproj", "{B0837722-9CEC-40DB-A898-18AA3C9E310A}"
EndProject
Global
	GlobalSection(SolutionConfigurationPlatforms) = preSolution
		Debug|Any CPU = Debug|Any CPU
		Release|Any CPU = Release|Any CPU
	EndGlobalSection
	GlobalSection(ProjectConfigurationPlatforms) = postSolution
		{4167F50D-D992-48E5-BD2B-46EF6EBCE3DE}.Debug|Any CPU.ActiveCfg = Debug|Any CPU
		{4167F50D-D992-48E5-BD2B-46EF6EBCE3DE}.Debug|Any CPU.Build.0 = Debug|Any CPU
		{4167F50D-D992-48E5-BD2B-46EF6EBCE3DE}.Release|Any CPU.ActiveCfg = Release|Any CPU
		{4167F50D-D992-48E5-BD2B-46EF6EBCE3DE}.Release|Any CPU.Build.0 = Release|Any CPU
		{3A8DAC66-6804-41B3-9F97-054EC560B923}.Debug|Any CPU.ActiveCfg = Debug|Any CPU
		{3A8DAC66-6804-41B3-9F97-054EC560B923}.Debug|Any CPU.Build.0 = Debug|Any CPU
		{3A8DAC66-6804-41B3-9F97-054EC560B923}.Release|Any CPU.ActiveCfg = Release|Any CPU
		{3A8DAC66-6804-41B3-9F97-054EC560B923}.Release|Any CPU.Build.0 = Release|Any CPU
		{B0837722-9CEC-40DB-A898-18AA3C9E310A}.Debug|Any CPU.ActiveCfg = Debug|Any CPU
		{B0837722-9CEC-40DB-A898-18AA3C9E310A}.Debug|Any CPU.Build.0 = Debug|Any CPU
		{B0837722-9CEC-40DB-A898-18AA3C9E310A}.Release|Any CPU.ActiveCfg = Release|Any CPU
		{B0837722-9CEC-40DB-A898-18AA3C9E310A}.Release|Any CPU.Build.0 = Release|Any CPU
	EndGlobalSection
	GlobalSection(SolutionProperties) = preSolution
		HideSolutionNode = FALSE
	EndGlobalSection
	GlobalSection(NestedProjects) = preSolution
		{4167F50D-D992-48E5-BD2B-46EF6EBCE3DE} = {270546E2-A808-422B-8C0F-DE876A172F38}
		{3A8DAC66-6804-41B3-9F97-054EC560B923} = {270546E2-A808-422B-8C0F-DE876A172F38}
		{B0837722-9CEC-40DB-A898-18AA3C9E310A} = {270546E2-A808-422B-8C0F-DE876A172F38}
	EndGlobalSection
	GlobalSection(ExtensibilityGlobals) = postSolution
		SolutionGuid = {2F76076A-A492-4E78-A10F-D6B4DB275FE6}
	EndGlobalSection
EndGlobal
